{
  "originHash" : "1a8e574901dd7b1c25783b1e14493615f8ea5a8379380e8fea4ca6005561da7c",
  "pins" : [
    {
      "identity" : "frameworktoolbox",
      "kind" : "remoteSourceControl",
      "location" : "https://github.com/Mx-Iris/FrameworkToolbox",
      "state" : {
        "revision" : "11ffdd076d4dbf14d619692acb9b44d547893480",
        "version" : "0.4.2"
      }
    },
    {
      "identity" : "swift-syntax",
      "kind" : "remoteSourceControl",
      "location" : "https://github.com/swiftlang/swift-syntax.git",
      "state" : {
        "revision" : "f99ae8aa18f0cf0d53481901f88a0991dc3bd4a2",
        "version" : "601.0.1"
      }
    }
  ],
  "version" : 3
}
